
Microsoft Visual Studio Solution File, Format Version 12.00
# Visual Studio Version 17
VisualStudioVersion = 17.2.32630.192
MinimumVisualStudioVersion = 10.0.40219.1
Project("{FAE04EC0-301F-11D3-BF4B-00C04F79EFBC}") = "オセロ", "オセロ\オセロ.csproj", "{314BE2B5-7AEA-4BA5-BEF0-3322ABFDFD86}"
EndProject
Global
	GlobalSection(SolutionConfigurationPlatforms) = preSolution
		Debug|Any CPU = Debug|Any CPU
		Release|Any CPU = Release|Any CPU
	EndGlobalSection
	GlobalSection(ProjectConfigurationPlatforms) = postSolution
		{314BE2B5-7AEA-4BA5-BEF0-3322ABFDFD86}.Debug|Any CPU.ActiveCfg = Debug|Any CPU
		{314BE2B5-7AEA-4BA5-BEF0-3322ABFDFD86}.Debug|Any CPU.Build.0 = Debug|Any CPU
		{314BE2B5-7AEA-4BA5-BEF0-3322ABFDFD86}.Release|Any CPU.ActiveCfg = Release|Any CPU
		{314BE2B5-7AEA-4BA5-BEF0-3322ABFDFD86}.Release|Any CPU.Build.0 = Release|Any CPU
	EndGlobalSection
	GlobalSection(SolutionProperties) = preSolution
		HideSolutionNode = FALSE
	EndGlobalSection
	GlobalSection(ExtensibilityGlobals) = postSolution
		SolutionGuid = {5B6486B2-8D47-4BC2-B5E5-C88C56C812F8}
	EndGlobalSection
EndGlobal
